
Microsoft Visual Studio Solution File, Format Version 12.00
# Visual Studio 15
Project("{FAE04EC0-301F-11D3-BF4B-00C04F79EFBC}") = "Assembly-CSharp", "Assembly-CSharp.csproj", "{26A02267-CA0D-7C69-0285-3B098878C93F}"
EndProject
Project("{FAE04EC0-301F-11D3-BF4B-00C04F79EFBC}") = "Assembly-CSharp-Editor", "Assembly-CSharp-Editor.csproj", "{A24BD4C7-5E1D-03AE-04FC-15DDE3FF5D27}"
EndProject
Global
	GlobalSection(SolutionConfigurationPlatforms) = preSolution
		Debug|Any CPU = Debug|Any CPU
		Release|Any CPU = Release|Any CPU
	EndGlobalSection
	GlobalSection(ProjectConfigurationPlatforms) = postSolution
		{26A02267-CA0D-7C69-0285-3B098878C93F}.Debug|Any CPU.ActiveCfg = Debug|Any CPU
		{26A02267-CA0D-7C69-0285-3B098878C93F}.Debug|Any CPU.Build.0 = Debug|Any CPU
		{26A02267-CA0D-7C69-0285-3B098878C93F}.Release|Any CPU.ActiveCfg = Release|Any CPU
		{26A02267-CA0D-7C69-0285-3B098878C93F}.Release|Any CPU.Build.0 = Release|Any CPU
		{A24BD4C7-5E1D-03AE-04FC-15DDE3FF5D27}.Debug|Any CPU.ActiveCfg = Debug|Any CPU
		{A24BD4C7-5E1D-03AE-04FC-15DDE3FF5D27}.Debug|Any CPU.Build.0 = Debug|Any CPU
		{A24BD4C7-5E1D-03AE-04FC-15DDE3FF5D27}.Release|Any CPU.ActiveCfg = Release|Any CPU
		{A24BD4C7-5E1D-03AE-04FC-15DDE3FF5D27}.Release|Any CPU.Build.0 = Release|Any CPU
	EndGlobalSection
	GlobalSection(SolutionProperties) = preSolution
		HideSolutionNode = FALSE
	EndGlobalSection
EndGlobal
